
Microsoft Visual Studio Solution File, Format Version 12.00
# Visual Studio Version 17
VisualStudioVersion = 17.4.33205.214
MinimumVisualStudioVersion = 10.0.40219.1
Project("{FAE04EC0-301F-11D3-BF4B-00C04F79EFBC}") = "PID_", "PID_.csproj", "{65C4A8D3-0A3E-42BB-9693-1960C33A69EA}"
EndProject
Project("{54435603-DBB4-11D2-8724-00A0C9A8B90C}") = "setupPID", "..\setupPID\setupPID.vdproj", "{34BB97AD-C702-44E9-8341-01F50659B1E4}"
EndProject
Global
	GlobalSection(SolutionConfigurationPlatforms) = preSolution
		Debug|Any CPU = Debug|Any CPU
		Release|Any CPU = Release|Any CPU
	EndGlobalSection
	GlobalSection(ProjectConfigurationPlatforms) = postSolution
		{65C4A8D3-0A3E-42BB-9693-1960C33A69EA}.Debug|Any CPU.ActiveCfg = Debug|Any CPU
		{65C4A8D3-0A3E-42BB-9693-1960C33A69EA}.Debug|Any CPU.Build.0 = Debug|Any CPU
		{65C4A8D3-0A3E-42BB-9693-1960C33A69EA}.Release|Any CPU.ActiveCfg = Release|Any CPU
		{65C4A8D3-0A3E-42BB-9693-1960C33A69EA}.Release|Any CPU.Build.0 = Release|Any CPU
		{34BB97AD-C702-44E9-8341-01F50659B1E4}.Debug|Any CPU.ActiveCfg = Debug
		{34BB97AD-C702-44E9-8341-01F50659B1E4}.Release|Any CPU.ActiveCfg = Release
	EndGlobalSection
	GlobalSection(SolutionProperties) = preSolution
		HideSolutionNode = FALSE
	EndGlobalSection
	GlobalSection(ExtensibilityGlobals) = postSolution
		SolutionGuid = {87334EFA-441C-4816-9F63-A5245EF0F682}
	EndGlobalSection
EndGlobal
